// !$*UTF8*$!
{
	archiveVersion = 1;
	classes = {
	};
	objectVersion = 48;
	objects = {

/* Begin PBXBuildFile section */
		C9D126211FC3155800CCCCD3 /* AppDelegate.swift in Sources */ = {isa = PBXBuildFile; fileRef = C9D126201FC3155800CCCCD3 /* AppDelegate.swift */; };
		C9D126231FC3155800CCCCD3 /* ViewController.swift in Sources */ = {isa = PBXBuildFile; fileRef = C9D126221FC3155800CCCCD3 /* ViewController.swift */; };
		C9D126261FC3155800CCCCD3 /* Main.storyboard in Resources */ = {isa = PBXBuildFile; fileRef = C9D126241FC3155800CCCCD3 /* Main.storyboard */; };
		C9D126281FC3155800CCCCD3 /* Assets.xcassets in Resources */ = {isa = PBXBuildFile; fileRef = C9D126271FC3155800CCCCD3 /* Assets.xcassets */; };
		C9D1262B1FC3155800CCCCD3 /* LaunchScreen.storyboard in Resources */ = {isa = PBXBuildFile; fileRef = C9D126291FC3155800CCCCD3 /* LaunchScreen.storyboard */; };
		C9D126361FC3155800CCCCD3 /* louisdebaereTests.swift in Sources */ = {isa = PBXBuildFile; fileRef = C9D126351FC3155800CCCCD3 /* louisdebaereTests.swift */; };
		C9D126411FC3155800CCCCD3 /* louisdebaereUITests.swift in Sources */ = {isa = PBXBuildFile; fileRef = C9D126401FC3155800CCCCD3 /* louisdebaereUITests.swift */; };
/* End PBXBuildFile section */

/* Begin PBXContainerItemProxy section */
		C9D126321FC3155800CCCCD3 /* PBXContainerItemProxy */ = {
			isa = PBXContainerItemProxy;
			containerPortal = C9D126151FC3155800CCCCD3 /* Project object */;
			proxyType = 1;
			remoteGlobalIDString = C9D1261C1FC3155800CCCCD3;
			remoteInfo = louisdebaere;
		};
		C9D1263D1FC3155800CCCCD3 /* PBXContainerItemProxy */ = {
			isa = PBXContainerItemProxy;
			containerPortal = C9D126151FC3155800CCCCD3 /* Project object */;
			proxyType = 1;
			remoteGlobalIDString = C9D1261C1FC3155800CCCCD3;
			remoteInfo = louisdebaere;
		};
/* End PBXContainerItemProxy section */

/* Begin PBXFileReference section */
		C9D1261D1FC3155800CCCCD3 /* louisdebaere.app */ = {isa = PBXFileReference; explicitFileType = wrapper.application; includeInIndex = 0; path = louisdebaere.app; sourceTree = BUILT_PRODUCTS_DIR; };
		C9D126201FC3155800CCCCD3 /* AppDelegate.swift */ = {isa = PBXFileReference; lastKnownFileType = sourcecode.swift; path = AppDelegate.swift; sourceTree = "<group>"; };
		C9D126221FC3155800CCCCD3 /* ViewController.swift */ = {isa = PBXFileReference; lastKnownFileType = sourcecode.swift; path = ViewController.swift; sourceTree = "<group>"; };
		C9D126251FC3155800CCCCD3 /* Base */ = {isa = PBXFileReference; lastKnownFileType = file.storyboard; name = Base; path = Base.lproj/Main.storyboard; sourceTree = "<group>"; };
		C9D126271FC3155800CCCCD3 /* Assets.xcassets */ = {isa = PBXFileReference; lastKnownFileType = folder.assetcatalog; path = Assets.xcassets; sourceTree = "<group>"; };
		C9D1262A1FC3155800CCCCD3 /* Base */ = {isa = PBXFileReference; lastKnownFileType = file.storyboard; name = Base; path = Base.lproj/LaunchScreen.storyboard; sourceTree = "<group>"; };
		C9D1262C1FC3155800CCCCD3 /* Info.plist */ = {isa = PBXFileReference; lastKnownFileType = text.plist.xml; path = Info.plist; sourceTree = "<group>"; };
		C9D126311FC3155800CCCCD3 /* louisdebaereTests.xctest */ = {isa = PBXFileReference; explicitFileType = wrapper.cfbundle; includeInIndex = 0; path = louisdebaereTests.xctest; sourceTree = BUILT_PRODUCTS_DIR; };
		C9D126351FC3155800CCCCD3 /* louisdebaereTests.swift */ = {isa = PBXFileReference; lastKnownFileType = sourcecode.swift; path = louisdebaereTests.swift; sourceTree = "<group>"; };
		C9D126371FC3155800CCCCD3 /* Info.plist */ = {isa = PBXFileReference; lastKnownFileType = text.plist.xml; path = Info.plist; sourceTree = "<group>"; };
		C9D1263C1FC3155800CCCCD3 /* louisdebaereUITests.xctest */ = {isa = PBXFileReference; explicitFileType = wrapper.cfbundle; includeInIndex = 0; path = louisdebaereUITests.xctest; sourceTree = BUILT_PRODUCTS_DIR; };
		C9D126401FC3155800CCCCD3 /* louisdebaereUITests.swift */ = {isa = PBXFileReference; lastKnownFileType = sourcecode.swift; path = louisdebaereUITests.swift; sourceTree = "<group>"; };
		C9D126421FC3155800CCCCD3 /* Info.plist */ = {isa = PBXFileReference; lastKnownFileType = text.plist.xml; path = Info.plist; sourceTree = "<group>"; };
/* End PBXFileReference section */

/* Begin PBXFrameworksBuildPhase section */
		C9D1261A1FC3155800CCCCD3 /* Frameworks */ = {
			isa = PBXFrameworksBuildPhase;
			buildActionMask = 2147483647;
			files = (
			);
			runOnlyForDeploymentPostprocessing = 0;
		};
		C9D1262E1FC3155800CCCCD3 /* Frameworks */ = {
			isa = PBXFrameworksBuildPhase;
			buildActionMask = 2147483647;
			files = (
			);
			runOnlyForDeploymentPostprocessing = 0;
		};
		C9D126391FC3155800CCCCD3 /* Frameworks */ = {
			isa = PBXFrameworksBuildPhase;
			buildActionMask = 2147483647;
			files = (
			);
			runOnlyForDeploymentPostprocessing = 0;
		};
/* End PBXFrameworksBuildPhase section */

/* Begin PBXGroup section */
		C9D126141FC3155800CCCCD3 = {
			isa = PBXGroup;
			children = (
				C9D1261F1FC3155800CCCCD3 /* louisdebaere */,
				C9D126341FC3155800CCCCD3 /* louisdebaereTests */,
				C9D1263F1FC3155800CCCCD3 /* louisdebaereUITests */,
				C9D1261E1FC3155800CCCCD3 /* Products */,
			);
			sourceTree = "<group>";
		};
		C9D1261E1FC3155800CCCCD3 /* Products */ = {
			isa = PBXGroup;
			children = (
				C9D1261D1FC3155800CCCCD3 /* louisdebaere.app */,
				C9D126311FC3155800CCCCD3 /* louisdebaereTests.xctest */,
				C9D1263C1FC3155800CCCCD3 /* louisdebaereUITests.xctest */,
			);
			name = Products;
			sourceTree = "<group>";
		};
		C9D1261F1FC3155800CCCCD3 /* louisdebaere */ = {
			isa = PBXGroup;
			children = (
				C9D126201FC3155800CCCCD3 /* AppDelegate.swift */,
				C9D126221FC3155800CCCCD3 /* ViewController.swift */,
				C9D126241FC3155800CCCCD3 /* Main.storyboard */,
				C9D126271FC3155800CCCCD3 /* Assets.xcassets */,
				C9D126291FC3155800CCCCD3 /* LaunchScreen.storyboard */,
				C9D1262C1FC3155800CCCCD3 /* Info.plist */,
			);
			path = louisdebaere;
			sourceTree = "<group>";
		};
		C9D126341FC3155800CCCCD3 /* louisdebaereTests */ = {
			isa = PBXGroup;
			children = (
				C9D126351FC3155800CCCCD3 /* louisdebaereTests.swift */,
				C9D126371FC3155800CCCCD3 /* Info.plist */,
			);
			path = louisdebaereTests;
			sourceTree = "<group>";
		};
		C9D1263F1FC3155800CCCCD3 /* louisdebaereUITests */ = {
			isa = PBXGroup;
			children = (
				C9D126401FC3155800CCCCD3 /* louisdebaereUITests.swift */,
				C9D126421FC3155800CCCCD3 /* Info.plist */,
			);
			path = louisdebaereUITests;
			sourceTree = "<group>";
		};
/* End PBXGroup section */

/* Begin PBXNativeTarget section */
		C9D1261C1FC3155800CCCCD3 /* louisdebaere */ = {
			isa = PBXNativeTarget;
			buildConfigurationList = C9D126451FC3155800CCCCD3 /* Build configuration list for PBXNativeTarget "louisdebaere" */;
			buildPhases = (
				C9D126191FC3155800CCCCD3 /* Sources */,
				C9D1261A1FC3155800CCCCD3 /* Frameworks */,
				C9D1261B1FC3155800CCCCD3 /* Resources */,
			);
			buildRules = (
			);
			dependencies = (
			);
			name = louisdebaere;
			productName = louisdebaere;
			productReference = C9D1261D1FC3155800CCCCD3 /* louisdebaere.app */;
			productType = "com.apple.product-type.application";
		};
		C9D126301FC3155800CCCCD3 /* louisdebaereTests */ = {
			isa = PBXNativeTarget;
			buildConfigurationList = C9D126481FC3155800CCCCD3 /* Build configuration list for PBXNativeTarget "louisdebaereTests" */;
			buildPhases = (
				C9D1262D1FC3155800CCCCD3 /* Sources */,
				C9D1262E1FC3155800CCCCD3 /* Frameworks */,
				C9D1262F1FC3155800CCCCD3 /* Resources */,
			);
			buildRules = (
			);
			dependencies = (
				C9D126331FC3155800CCCCD3 /* PBXTargetDependency */,
			);
			name = louisdebaereTests;
			productName = louisdebaereTests;
			productReference = C9D126311FC3155800CCCCD3 /* louisdebaereTests.xctest */;
			productType = "com.apple.product-type.bundle.unit-test";
		};
		C9D1263B1FC3155800CCCCD3 /* louisdebaereUITests */ = {
			isa = PBXNativeTarget;
			buildConfigurationList = C9D1264B1FC3155800CCCCD3 /* Build configuration list for PBXNativeTarget "louisdebaereUITests" */;
			buildPhases = (
				C9D126381FC3155800CCCCD3 /* Sources */,
				C9D126391FC3155800CCCCD3 /* Frameworks */,
				C9D1263A1FC3155800CCCCD3 /* Resources */,
			);
			buildRules = (
			);
			dependencies = (
				C9D1263E1FC3155800CCCCD3 /* PBXTargetDependency */,
			);
			name = louisdebaereUITests;
			productName = louisdebaereUITests;
			productReference = C9D1263C1FC3155800CCCCD3 /* louisdebaereUITests.xctest */;
			productType = "com.apple.product-type.bundle.ui-testing";
		};
/* End PBXNativeTarget section */

/* Begin PBXProject section */
		C9D126151FC3155800CCCCD3 /* Project object */ = {
			isa = PBXProject;
			attributes = {
				LastSwiftUpdateCheck = 0910;
				LastUpgradeCheck = 0910;
				ORGANIZATIONNAME = "Ilaria Di Nardo";
				TargetAttributes = {
					C9D1261C1FC3155800CCCCD3 = {
						CreatedOnToolsVersion = 9.1;
						ProvisioningStyle = Automatic;
					};
					C9D126301FC3155800CCCCD3 = {
						CreatedOnToolsVersion = 9.1;
						ProvisioningStyle = Automatic;
						TestTargetID = C9D1261C1FC3155800CCCCD3;
					};
					C9D1263B1FC3155800CCCCD3 = {
						CreatedOnToolsVersion = 9.1;
						ProvisioningStyle = Automatic;
						TestTargetID = C9D1261C1FC3155800CCCCD3;
					};
				};
			};
			buildConfigurationList = C9D126181FC3155800CCCCD3 /* Build configuration list for PBXProject "louisdebaere" */;
			compatibilityVersion = "Xcode 8.0";
			developmentRegion = en;
			hasScannedForEncodings = 0;
			knownRegions = (
				en,
				Base,
			);
			mainGroup = C9D126141FC3155800CCCCD3;
			productRefGroup = C9D1261E1FC3155800CCCCD3 /* Products */;
			projectDirPath = "";
			projectRoot = "";
			targets = (
				C9D1261C1FC3155800CCCCD3 /* louisdebaere */,
				C9D126301FC3155800CCCCD3 /* louisdebaereTests */,
				C9D1263B1FC3155800CCCCD3 /* louisdebaereUITests */,
			);
		};
/* End PBXProject section */

/* Begin PBXResourcesBuildPhase section */
		C9D1261B1FC3155800CCCCD3 /* Resources */ = {
			isa = PBXResourcesBuildPhase;
			buildActionMask = 2147483647;
			files = (
				C9D1262B1FC3155800CCCCD3 /* LaunchScreen.storyboard in Resources */,
				C9D126281FC3155800CCCCD3 /* Assets.xcassets in Resources */,
				C9D126261FC3155800CCCCD3 /* Main.storyboard in Resources */,
			);
			runOnlyForDeploymentPostprocessing = 0;
		};
		C9D1262F1FC3155800CCCCD3 /* Resources */ = {
			isa = PBXResourcesBuildPhase;
			buildActionMask = 2147483647;
			files = (
			);
			runOnlyForDeploymentPostprocessing = 0;
		};
		C9D1263A1FC3155800CCCCD3 /* Resources */ = {
			isa = PBXResourcesBuildPhase;
			buildActionMask = 2147483647;
			files = (
			);
			runOnlyForDeploymentPostprocessing = 0;
		};
/* End PBXResourcesBuildPhase section */

/* Begin PBXSourcesBuildPhase section */
		C9D126191FC3155800CCCCD3 /* Sources */ = {
			isa = PBXSourcesBuildPhase;
			buildActionMask = 2147483647;
			files = (
				C9D126231FC3155800CCCCD3 /* ViewController.swift in Sources */,
				C9D126211FC3155800CCCCD3 /* AppDelegate.swift in Sources */,
			);
			runOnlyForDeploymentPostprocessing = 0;
		};
		C9D1262D1FC3155800CCCCD3 /* Sources */ = {
			isa = PBXSourcesBuildPhase;
			buildActionMask = 2147483647;
			files = (
				C9D126361FC3155800CCCCD3 /* louisdebaereTests.swift in Sources */,
			);
			runOnlyForDeploymentPostprocessing = 0;
		};
		C9D126381FC3155800CCCCD3 /* Sources */ = {
			isa = PBXSourcesBuildPhase;
			buildActionMask = 2147483647;
			files = (
				C9D126411FC3155800CCCCD3 /* louisdebaereUITests.swift in Sources */,
			);
			runOnlyForDeploymentPostprocessing = 0;
		};
/* End PBXSourcesBuildPhase section */

/* Begin PBXTargetDependency section */
		C9D126331FC3155800CCCCD3 /* PBXTargetDependency */ = {
			isa = PBXTargetDependency;
			target = C9D1261C1FC3155800CCCCD3 /* louisdebaere */;
			targetProxy = C9D126321FC3155800CCCCD3 /* PBXContainerItemProxy */;
		};
		C9D1263E1FC3155800CCCCD3 /* PBXTargetDependency */ = {
			isa = PBXTargetDependency;
			target = C9D1261C1FC3155800CCCCD3 /* louisdebaere */;
			targetProxy = C9D1263D1FC3155800CCCCD3 /* PBXContainerItemProxy */;
		};
/* End PBXTargetDependency section */

/* Begin PBXVariantGroup section */
		C9D126241FC3155800CCCCD3 /* Main.storyboard */ = {
			isa = PBXVariantGroup;
			children = (
				C9D126251FC3155800CCCCD3 /* Base */,
			);
			name = Main.storyboard;
			sourceTree = "<group>";
		};
		C9D126291FC3155800CCCCD3 /* LaunchScreen.storyboard */ = {
			isa = PBXVariantGroup;
			children = (
				C9D1262A1FC3155800CCCCD3 /* Base */,
			);
			name = LaunchScreen.storyboard;
			sourceTree = "<group>";
		};
/* End PBXVariantGroup section */

/* Begin XCBuildConfiguration section */
		C9D126431FC3155800CCCCD3 /* Debug */ = {
			isa = XCBuildConfiguration;
			buildSettings = {
				ALWAYS_SEARCH_USER_PATHS = NO;
				CLANG_ANALYZER_NONNULL = YES;
				CLANG_ANALYZER_NUMBER_OBJECT_CONVERSION = YES_AGGRESSIVE;
				CLANG_CXX_LANGUAGE_STANDARD = "gnu++14";
				CLANG_CXX_LIBRARY = "libc++";
				CLANG_ENABLE_MODULES = YES;
				CLANG_ENABLE_OBJC_ARC = YES;
				CLANG_WARN_BLOCK_CAPTURE_AUTORELEASING = YES;
				CLANG_WARN_BOOL_CONVERSION = YES;
				CLANG_WARN_COMMA = YES;
				CLANG_WARN_CONSTANT_CONVERSION = YES;
				CLANG_WARN_DIRECT_OBJC_ISA_USAGE = YES_ERROR;
				CLANG_WARN_DOCUMENTATION_COMMENTS = YES;
				CLANG_WARN_EMPTY_BODY = YES;
				CLANG_WARN_ENUM_CONVERSION = YES;
				CLANG_WARN_INFINITE_RECURSION = YES;
				CLANG_WARN_INT_CONVERSION = YES;
				CLANG_WARN_NON_LITERAL_NULL_CONVERSION = YES;
				CLANG_WARN_OBJC_LITERAL_CONVERSION = YES;
				CLANG_WARN_OBJC_ROOT_CLASS = YES_ERROR;
				CLANG_WARN_RANGE_LOOP_ANALYSIS = YES;
				CLANG_WARN_STRICT_PROTOTYPES = YES;
				CLANG_WARN_SUSPICIOUS_MOVE = YES;
				CLANG_WARN_UNGUARDED_AVAILABILITY = YES_AGGRESSIVE;
				CLANG_WARN_UNREACHABLE_CODE = YES;
				CLANG_WARN__DUPLICATE_METHOD_MATCH = YES;
				CODE_SIGN_IDENTITY = "iPhone Developer";
				COPY_PHASE_STRIP = NO;
				DEBUG_INFORMATION_FORMAT = dwarf;
				ENABLE_STRICT_OBJC_MSGSEND = YES;
				ENABLE_TESTABILITY = YES;
				GCC_C_LANGUAGE_STANDARD = gnu11;
				GCC_DYNAMIC_NO_PIC = NO;
				GCC_NO_COMMON_BLOCKS = YES;
				GCC_OPTIMIZATION_LEVEL = 0;
				GCC_PREPROCESSOR_DEFINITIONS = (
					"DEBUG=1",
					"$(inherited)",
				);
				GCC_WARN_64_TO_32_BIT_CONVERSION = YES;
				GCC_WARN_ABOUT_RETURN_TYPE = YES_ERROR;
				GCC_WARN_UNDECLARED_SELECTOR = YES;
				GCC_WARN_UNINITIALIZED_AUTOS = YES_AGGRESSIVE;
				GCC_WARN_UNUSED_FUNCTION = YES;
				GCC_WARN_UNUSED_VARIABLE = YES;
				IPHONEOS_DEPLOYMENT_TARGET = 11.1;
				MTL_ENABLE_DEBUG_INFO = YES;
				ONLY_ACTIVE_ARCH = YES;
				SDKROOT = iphoneos;
				SWIFT_ACTIVE_COMPILATION_CONDITIONS = DEBUG;
				SWIFT_OPTIMIZATION_LEVEL = "-Onone";
			};
			name = Debug;
		};
		C9D126441FC3155800CCCCD3 /* Release */ = {
			isa = XCBuildConfiguration;
			buildSettings = {
				ALWAYS_SEARCH_USER_PATHS = NO;
				CLANG_ANALYZER_NONNULL = YES;
				CLANG_ANALYZER_NUMBER_OBJECT_CONVERSION = YES_AGGRESSIVE;
				CLANG_CXX_LANGUAGE_STANDARD = "gnu++14";
				CLANG_CXX_LIBRARY = "libc++";
				CLANG_ENABLE_MODULES = YES;
				CLANG_ENABLE_OBJC_ARC = YES;
				CLANG_WARN_BLOCK_CAPTURE_AUTORELEASING = YES;
				CLANG_WARN_BOOL_CONVERSION = YES;
				CLANG_WARN_COMMA = YES;
				CLANG_WARN_CONSTANT_CONVERSION = YES;
				CLANG_WARN_DIRECT_OBJC_ISA_USAGE = YES_ERROR;
				CLANG_WARN_DOCUMENTATION_COMMENTS = YES;
				CLANG_WARN_EMPTY_BODY = YES;
				CLANG_WARN_ENUM_CONVERSION = YES;
				CLANG_WARN_INFINITE_RECURSION = YES;
				CLANG_WARN_INT_CONVERSION = YES;
				CLANG_WARN_NON_LITERAL_NULL_CONVERSION = YES;
				CLANG_WARN_OBJC_LITERAL_CONVERSION = YES;
				CLANG_WARN_OBJC_ROOT_CLASS = YES_ERROR;
				CLANG_WARN_RANGE_LOOP_ANALYSIS = YES;
				CLANG_WARN_STRICT_PROTOTYPES = YES;
				CLANG_WARN_SUSPICIOUS_MOVE = YES;
				CLANG_WARN_UNGUARDED_AVAILABILITY = YES_AGGRESSIVE;
				CLANG_WARN_UNREACHABLE_CODE = YES;
				CLANG_WARN__DUPLICATE_METHOD_MATCH = YES;
				CODE_SIGN_IDENTITY = "iPhone Developer";
				COPY_PHASE_STRIP = NO;
				DEBUG_INFORMATION_FORMAT = "dwarf-with-dsym";
				ENABLE_NS_ASSERTIONS = NO;
				ENABLE_STRICT_OBJC_MSGSEND = YES;
				GCC_C_LANGUAGE_STANDARD = gnu11;
				GCC_NO_COMMON_BLOCKS = YES;
				GCC_WARN_64_TO_32_BIT_CONVERSION = YES;
				GCC_WARN_ABOUT_RETURN_TYPE = YES_ERROR;
				GCC_WARN_UNDECLARED_SELECTOR = YES;
				GCC_WARN_UNINITIALIZED_AUTOS = YES_AGGRESSIVE;
				GCC_WARN_UNUSED_FUNCTION = YES;
				GCC_WARN_UNUSED_VARIABLE = YES;
				IPHONEOS_DEPLOYMENT_TARGET = 11.1;
				MTL_ENABLE_DEBUG_INFO = NO;
				SDKROOT = iphoneos;
				SWIFT_OPTIMIZATION_LEVEL = "-Owholemodule";
				VALIDATE_PRODUCT = YES;
			};
			name = Release;
		};
		C9D126461FC3155800CCCCD3 /* Debug */ = {
			isa = XCBuildConfiguration;
			buildSettings = {
				ASSETCATALOG_COMPILER_APPICON_NAME = AppIcon;
				CODE_SIGN_STYLE = Automatic;
				INFOPLIST_FILE = louisdebaere/Info.plist;
				LD_RUNPATH_SEARCH_PATHS = "$(inherited) @executable_path/Frameworks";
				PRODUCT_BUNDLE_IDENTIFIER = Ilaria.louisdebaere;
				PRODUCT_NAME = "$(TARGET_NAME)";
				SWIFT_VERSION = 4.0;
				TARGETED_DEVICE_FAMILY = "1,2";
			};
			name = Debug;
		};
		C9D126471FC3155800CCCCD3 /* Release */ = {
			isa = XCBuildConfiguration;
			buildSettings = {
				ASSETCATALOG_COMPILER_APPICON_NAME = AppIcon;
				CODE_SIGN_STYLE = Automatic;
				INFOPLIST_FILE = louisdebaere/Info.plist;
				LD_RUNPATH_SEARCH_PATHS = "$(inherited) @executable_path/Frameworks";
				PRODUCT_BUNDLE_IDENTIFIER = Ilaria.louisdebaere;
				PRODUCT_NAME = "$(TARGET_NAME)";
				SWIFT_VERSION = 4.0;
				TARGETED_DEVICE_FAMILY = "1,2";
			};
			name = Release;
		};
		C9D126491FC3155800CCCCD3 /* Debug */ = {
			isa = XCBuildConfiguration;
			buildSettings = {
				ALWAYS_EMBED_SWIFT_STANDARD_LIBRARIES = YES;
				BUNDLE_LOADER = "$(TEST_HOST)";
				CODE_SIGN_STYLE = Automatic;
				INFOPLIST_FILE = louisdebaereTests/Info.plist;
				LD_RUNPATH_SEARCH_PATHS = "$(inherited) @executable_path/Frameworks @loader_path/Frameworks";
				PRODUCT_BUNDLE_IDENTIFIER = Ilaria.louisdebaereTests;
				PRODUCT_NAME = "$(TARGET_NAME)";
				SWIFT_VERSION = 4.0;
				TARGETED_DEVICE_FAMILY = "1,2";
				TEST_HOST = "$(BUILT_PRODUCTS_DIR)/louisdebaere.app/louisdebaere";
			};
			name = Debug;
		};
		C9D1264A1FC3155800CCCCD3 /* Release */ = {
			isa = XCBuildConfiguration;
			buildSettings = {
				ALWAYS_EMBED_SWIFT_STANDARD_LIBRARIES = YES;
				BUNDLE_LOADER = "$(TEST_HOST)";
				CODE_SIGN_STYLE = Automatic;
				INFOPLIST_FILE = louisdebaereTests/Info.plist;
				LD_RUNPATH_SEARCH_PATHS = "$(inherited) @executable_path/Frameworks @loader_path/Frameworks";
				PRODUCT_BUNDLE_IDENTIFIER = Ilaria.louisdebaereTests;
				PRODUCT_NAME = "$(TARGET_NAME)";
				SWIFT_VERSION = 4.0;
				TARGETED_DEVICE_FAMILY = "1,2";
				TEST_HOST = "$(BUILT_PRODUCTS_DIR)/louisdebaere.app/louisdebaere";
			};
			name = Release;
		};
		C9D1264C1FC3155800CCCCD3 /* Debug */ = {
			isa = XCBuildConfiguration;
			buildSettings = {
				ALWAYS_EMBED_SWIFT_STANDARD_LIBRARIES = YES;
				CODE_SIGN_STYLE = Automatic;
				INFOPLIST_FILE = louisdebaereUITests/Info.plist;
				LD_RUNPATH_SEARCH_PATHS = "$(inherited) @executable_path/Frameworks @loader_path/Frameworks";
				PRODUCT_BUNDLE_IDENTIFIER = Ilaria.louisdebaereUITests;
				PRODUCT_NAME = "$(TARGET_NAME)";
				SWIFT_VERSION = 4.0;
				TARGETED_DEVICE_FAMILY = "1,2";
				TEST_TARGET_NAME = louisdebaere;
			};
			name = Debug;
		};
		C9D1264D1FC3155800CCCCD3 /* Release */ = {
			isa = XCBuildConfiguration;
			buildSettings = {
				ALWAYS_EMBED_SWIFT_STANDARD_LIBRARIES = YES;
				CODE_SIGN_STYLE = Automatic;
				INFOPLIST_FILE = louisdebaereUITests/Info.plist;
				LD_RUNPATH_SEARCH_PATHS = "$(inherited) @executable_path/Frameworks @loader_path/Frameworks";
				PRODUCT_BUNDLE_IDENTIFIER = Ilaria.louisdebaereUITests;
				PRODUCT_NAME = "$(TARGET_NAME)";
				SWIFT_VERSION = 4.0;
				TARGETED_DEVICE_FAMILY = "1,2";
				TEST_TARGET_NAME = louisdebaere;
			};
			name = Release;
		};
/* End XCBuildConfiguration section */

/* Begin XCConfigurationList section */
		C9D126181FC3155800CCCCD3 /* Build configuration list for PBXProject "louisdebaere" */ = {
			isa = XCConfigurationList;
			buildConfigurations = (
				C9D126431FC3155800CCCCD3 /* Debug */,
				C9D126441FC3155800CCCCD3 /* Release */,
			);
			defaultConfigurationIsVisible = 0;
			defaultConfigurationName = Release;
		};
		C9D126451FC3155800CCCCD3 /* Build configuration list for PBXNativeTarget "louisdebaere" */ = {
			isa = XCConfigurationList;
			buildConfigurations = (
				C9D126461FC3155800CCCCD3 /* Debug */,
				C9D126471FC3155800CCCCD3 /* Release */,
			);
			defaultConfigurationIsVisible = 0;
			defaultConfigurationName = Release;
		};
		C9D126481FC3155800CCCCD3 /* Build configuration list for PBXNativeTarget "louisdebaereTests" */ = {
			isa = XCConfigurationList;
			buildConfigurations = (
				C9D126491FC3155800CCCCD3 /* Debug */,
				C9D1264A1FC3155800CCCCD3 /* Release */,
			);
			defaultConfigurationIsVisible = 0;
			defaultConfigurationName = Release;
		};
		C9D1264B1FC3155800CCCCD3 /* Build configuration list for PBXNativeTarget "louisdebaereUITests" */ = {
			isa = XCConfigurationList;
			buildConfigurations = (
				C9D1264C1FC3155800CCCCD3 /* Debug */,
				C9D1264D1FC3155800CCCCD3 /* Release */,
			);
			defaultConfigurationIsVisible = 0;
			defaultConfigurationName = Release;
		};
/* End XCConfigurationList section */
	};
	rootObject = C9D126151FC3155800CCCCD3 /* Project object */;
}
